// !$*UTF8*$!
{
	archiveVersion = 1;
	classes = {
	};
	objectVersion = 60;
	objects = {

/* Begin PBXBuildFile section */
		D536783D2A07C75C0006FAF0 /* SwiftUILibraryApp.swift in Sources */ = {isa = PBXBuildFile; fileRef = D536783C2A07C75C0006FAF0 /* SwiftUILibraryApp.swift */; };
		D536783F2A07C75C0006FAF0 /* ContentView.swift in Sources */ = {isa = PBXBuildFile; fileRef = D536783E2A07C75C0006FAF0 /* ContentView.swift */; };
		D53678412A07C75D0006FAF0 /* Assets.xcassets in Resources */ = {isa = PBXBuildFile; fileRef = D53678402A07C75D0006FAF0 /* Assets.xcassets */; };
		D53678442A07C75D0006FAF0 /* Preview Assets.xcassets in Resources */ = {isa = PBXBuildFile; fileRef = D53678432A07C75D0006FAF0 /* Preview Assets.xcassets */; };
		D536784E2A07C7C70006FAF0 /* ReadableContentWidth.swift in Sources */ = {isa = PBXBuildFile; fileRef = D536784B2A07C7C70006FAF0 /* ReadableContentWidth.swift */; };
		D536784F2A07C7C70006FAF0 /* RoundedRectangleCorners.swift in Sources */ = {isa = PBXBuildFile; fileRef = D536784C2A07C7C70006FAF0 /* RoundedRectangleCorners.swift */; };
		D53678572A07C8B50006FAF0 /* PhotoPicker.swift in Sources */ = {isa = PBXBuildFile; fileRef = D53678512A07C8B50006FAF0 /* PhotoPicker.swift */; };
		D53678582A07C8B50006FAF0 /* DocumentPicker.swift in Sources */ = {isa = PBXBuildFile; fileRef = D53678522A07C8B50006FAF0 /* DocumentPicker.swift */; };
		D53678592A07C8B50006FAF0 /* ImageCropView.swift in Sources */ = {isa = PBXBuildFile; fileRef = D53678532A07C8B50006FAF0 /* ImageCropView.swift */; };
		D536785A2A07C8B50006FAF0 /* SafariView.swift in Sources */ = {isa = PBXBuildFile; fileRef = D53678542A07C8B50006FAF0 /* SafariView.swift */; };
		D536785B2A07C8B50006FAF0 /* LegacyShareLink.swift in Sources */ = {isa = PBXBuildFile; fileRef = D53678552A07C8B50006FAF0 /* LegacyShareLink.swift */; };
		D536785E2A07CC440006FAF0 /* ReadableContentWidthView.swift in Sources */ = {isa = PBXBuildFile; fileRef = D536785D2A07CC440006FAF0 /* ReadableContentWidthView.swift */; };
		D53678602A07CCA30006FAF0 /* RoundedRectangleCornersView.swift in Sources */ = {isa = PBXBuildFile; fileRef = D536785F2A07CCA30006FAF0 /* RoundedRectangleCornersView.swift */; };
		D536786D2A07D4BD0006FAF0 /* PhotoPickerView.swift in Sources */ = {isa = PBXBuildFile; fileRef = D536786C2A07D4BD0006FAF0 /* PhotoPickerView.swift */; };
		D536786F2A07D4CE0006FAF0 /* DocumentPickerView.swift in Sources */ = {isa = PBXBuildFile; fileRef = D536786E2A07D4CE0006FAF0 /* DocumentPickerView.swift */; };
		D53678712A07D4D30006FAF0 /* ShareLinkView.swift in Sources */ = {isa = PBXBuildFile; fileRef = D53678702A07D4D30006FAF0 /* ShareLinkView.swift */; };
		D53678732A07D4F10006FAF0 /* SafariSheetView.swift in Sources */ = {isa = PBXBuildFile; fileRef = D53678722A07D4F10006FAF0 /* SafariSheetView.swift */; };
		D5435C6D2A544BCA0061A2BC /* QRCodeImage.swift in Sources */ = {isa = PBXBuildFile; fileRef = D5435C6C2A544BCA0061A2BC /* QRCodeImage.swift */; };
		D5435C6F2A544CC40061A2BC /* QRCodeView.swift in Sources */ = {isa = PBXBuildFile; fileRef = D5435C6E2A544CC40061A2BC /* QRCodeView.swift */; };
		D5435C712A54552C0061A2BC /* ScreenBrightness.swift in Sources */ = {isa = PBXBuildFile; fileRef = D5435C702A54552C0061A2BC /* ScreenBrightness.swift */; };
		D562A5C92A39BD59009D62C4 /* DeviceShake.swift in Sources */ = {isa = PBXBuildFile; fileRef = D562A5C82A39BD59009D62C4 /* DeviceShake.swift */; };
		D562A5CB2A39BD62009D62C4 /* DeviceShakeView.swift in Sources */ = {isa = PBXBuildFile; fileRef = D562A5CA2A39BD62009D62C4 /* DeviceShakeView.swift */; };
		D562A5D22A39C172009D62C4 /* CameraDemoView.swift in Sources */ = {isa = PBXBuildFile; fileRef = D562A5D12A39C172009D62C4 /* CameraDemoView.swift */; };
		D578FE322A3AF24000CC6E6B /* ImageViewer.swift in Sources */ = {isa = PBXBuildFile; fileRef = D578FE312A3AF24000CC6E6B /* ImageViewer.swift */; };
		D578FE342A3AF24500CC6E6B /* ImageViewerView.swift in Sources */ = {isa = PBXBuildFile; fileRef = D578FE332A3AF24500CC6E6B /* ImageViewerView.swift */; };
		D5A448862A1E32600059C4A3 /* ErrorAlert.swift in Sources */ = {isa = PBXBuildFile; fileRef = D5A448852A1E32600059C4A3 /* ErrorAlert.swift */; };
		D5A4488A2A1E359E0059C4A3 /* CameraView.swift in Sources */ = {isa = PBXBuildFile; fileRef = D5A448892A1E359E0059C4A3 /* CameraView.swift */; };
		D5C76ACF2A61AEBA00B7469C /* MailComposeView.swift in Sources */ = {isa = PBXBuildFile; fileRef = D5C76ACE2A61AEBA00B7469C /* MailComposeView.swift */; };
		D5C76AD12A61AEF500B7469C /* MailDemoView.swift in Sources */ = {isa = PBXBuildFile; fileRef = D5C76AD02A61AEF500B7469C /* MailDemoView.swift */; };
		D5DED4B82B5928B700AADEB3 /* InAppBrowserLink.swift in Sources */ = {isa = PBXBuildFile; fileRef = D5DED4B72B5928B700AADEB3 /* InAppBrowserLink.swift */; };
		D5DED4BA2B59290800AADEB3 /* InAppBrowserLinkView.swift in Sources */ = {isa = PBXBuildFile; fileRef = D5DED4B92B59290800AADEB3 /* InAppBrowserLinkView.swift */; };
		D5DED4BC2B592FD300AADEB3 /* GridStack.swift in Sources */ = {isa = PBXBuildFile; fileRef = D5DED4BB2B592FD300AADEB3 /* GridStack.swift */; };
		D5DED4BE2B59319800AADEB3 /* GridStackView.swift in Sources */ = {isa = PBXBuildFile; fileRef = D5DED4BD2B59319800AADEB3 /* GridStackView.swift */; };
		D5DED4C22B596CED00AADEB3 /* QRCodeScanner.swift in Sources */ = {isa = PBXBuildFile; fileRef = D5DED4C12B596CED00AADEB3 /* QRCodeScanner.swift */; };
		D5DED4C42B596D2A00AADEB3 /* QRCodeScannerView.swift in Sources */ = {isa = PBXBuildFile; fileRef = D5DED4C32B596D2A00AADEB3 /* QRCodeScannerView.swift */; };
/* End PBXBuildFile section */

/* Begin PBXFileReference section */
		D53678392A07C75C0006FAF0 /* SwiftUILibrary.app */ = {isa = PBXFileReference; explicitFileType = wrapper.application; includeInIndex = 0; path = SwiftUILibrary.app; sourceTree = BUILT_PRODUCTS_DIR; };
		D536783C2A07C75C0006FAF0 /* SwiftUILibraryApp.swift */ = {isa = PBXFileReference; lastKnownFileType = sourcecode.swift; path = SwiftUILibraryApp.swift; sourceTree = "<group>"; };
		D536783E2A07C75C0006FAF0 /* ContentView.swift */ = {isa = PBXFileReference; lastKnownFileType = sourcecode.swift; path = ContentView.swift; sourceTree = "<group>"; };
		D53678402A07C75D0006FAF0 /* Assets.xcassets */ = {isa = PBXFileReference; lastKnownFileType = folder.assetcatalog; path = Assets.xcassets; sourceTree = "<group>"; };
		D53678432A07C75D0006FAF0 /* Preview Assets.xcassets */ = {isa = PBXFileReference; lastKnownFileType = folder.assetcatalog; path = "Preview Assets.xcassets"; sourceTree = "<group>"; };
		D536784B2A07C7C70006FAF0 /* ReadableContentWidth.swift */ = {isa = PBXFileReference; fileEncoding = 4; lastKnownFileType = sourcecode.swift; path = ReadableContentWidth.swift; sourceTree = "<group>"; };
		D536784C2A07C7C70006FAF0 /* RoundedRectangleCorners.swift */ = {isa = PBXFileReference; fileEncoding = 4; lastKnownFileType = sourcecode.swift; path = RoundedRectangleCorners.swift; sourceTree = "<group>"; };
		D53678512A07C8B50006FAF0 /* PhotoPicker.swift */ = {isa = PBXFileReference; fileEncoding = 4; lastKnownFileType = sourcecode.swift; path = PhotoPicker.swift; sourceTree = "<group>"; };
		D53678522A07C8B50006FAF0 /* DocumentPicker.swift */ = {isa = PBXFileReference; fileEncoding = 4; lastKnownFileType = sourcecode.swift; path = DocumentPicker.swift; sourceTree = "<group>"; };
		D53678532A07C8B50006FAF0 /* ImageCropView.swift */ = {isa = PBXFileReference; fileEncoding = 4; lastKnownFileType = sourcecode.swift; path = ImageCropView.swift; sourceTree = "<group>"; };
		D53678542A07C8B50006FAF0 /* SafariView.swift */ = {isa = PBXFileReference; fileEncoding = 4; lastKnownFileType = sourcecode.swift; path = SafariView.swift; sourceTree = "<group>"; };
		D53678552A07C8B50006FAF0 /* LegacyShareLink.swift */ = {isa = PBXFileReference; fileEncoding = 4; lastKnownFileType = sourcecode.swift; path = LegacyShareLink.swift; sourceTree = "<group>"; };
		D536785D2A07CC440006FAF0 /* ReadableContentWidthView.swift */ = {isa = PBXFileReference; lastKnownFileType = sourcecode.swift; path = ReadableContentWidthView.swift; sourceTree = "<group>"; };
		D536785F2A07CCA30006FAF0 /* RoundedRectangleCornersView.swift */ = {isa = PBXFileReference; lastKnownFileType = sourcecode.swift; path = RoundedRectangleCornersView.swift; sourceTree = "<group>"; };
		D536786B2A07D2000006FAF0 /* README.md */ = {isa = PBXFileReference; lastKnownFileType = net.daringfireball.markdown; path = README.md; sourceTree = "<group>"; };
		D536786C2A07D4BD0006FAF0 /* PhotoPickerView.swift */ = {isa = PBXFileReference; lastKnownFileType = sourcecode.swift; path = PhotoPickerView.swift; sourceTree = "<group>"; };
		D536786E2A07D4CE0006FAF0 /* DocumentPickerView.swift */ = {isa = PBXFileReference; lastKnownFileType = sourcecode.swift; path = DocumentPickerView.swift; sourceTree = "<group>"; };
		D53678702A07D4D30006FAF0 /* ShareLinkView.swift */ = {isa = PBXFileReference; lastKnownFileType = sourcecode.swift; path = ShareLinkView.swift; sourceTree = "<group>"; };
		D53678722A07D4F10006FAF0 /* SafariSheetView.swift */ = {isa = PBXFileReference; lastKnownFileType = sourcecode.swift; path = SafariSheetView.swift; sourceTree = "<group>"; };
		D5435C6C2A544BCA0061A2BC /* QRCodeImage.swift */ = {isa = PBXFileReference; lastKnownFileType = sourcecode.swift; path = QRCodeImage.swift; sourceTree = "<group>"; };
		D5435C6E2A544CC40061A2BC /* QRCodeView.swift */ = {isa = PBXFileReference; lastKnownFileType = sourcecode.swift; path = QRCodeView.swift; sourceTree = "<group>"; };
		D5435C702A54552C0061A2BC /* ScreenBrightness.swift */ = {isa = PBXFileReference; lastKnownFileType = sourcecode.swift; path = ScreenBrightness.swift; sourceTree = "<group>"; };
		D562A5C82A39BD59009D62C4 /* DeviceShake.swift */ = {isa = PBXFileReference; fileEncoding = 4; lastKnownFileType = sourcecode.swift; path = DeviceShake.swift; sourceTree = "<group>"; };
		D562A5CA2A39BD62009D62C4 /* DeviceShakeView.swift */ = {isa = PBXFileReference; lastKnownFileType = sourcecode.swift; path = DeviceShakeView.swift; sourceTree = "<group>"; };
		D562A5D12A39C172009D62C4 /* CameraDemoView.swift */ = {isa = PBXFileReference; lastKnownFileType = sourcecode.swift; path = CameraDemoView.swift; sourceTree = "<group>"; };
		D578FE312A3AF24000CC6E6B /* ImageViewer.swift */ = {isa = PBXFileReference; fileEncoding = 4; lastKnownFileType = sourcecode.swift; path = ImageViewer.swift; sourceTree = "<group>"; };
		D578FE332A3AF24500CC6E6B /* ImageViewerView.swift */ = {isa = PBXFileReference; fileEncoding = 4; lastKnownFileType = sourcecode.swift; path = ImageViewerView.swift; sourceTree = "<group>"; };
		D5A448852A1E32600059C4A3 /* ErrorAlert.swift */ = {isa = PBXFileReference; lastKnownFileType = sourcecode.swift; path = ErrorAlert.swift; sourceTree = "<group>"; };
		D5A448892A1E359E0059C4A3 /* CameraView.swift */ = {isa = PBXFileReference; lastKnownFileType = sourcecode.swift; path = CameraView.swift; sourceTree = "<group>"; };
		D5C76ACE2A61AEBA00B7469C /* MailComposeView.swift */ = {isa = PBXFileReference; lastKnownFileType = sourcecode.swift; path = MailComposeView.swift; sourceTree = "<group>"; };
		D5C76AD02A61AEF500B7469C /* MailDemoView.swift */ = {isa = PBXFileReference; lastKnownFileType = sourcecode.swift; path = MailDemoView.swift; sourceTree = "<group>"; };
		D5DED4B72B5928B700AADEB3 /* InAppBrowserLink.swift */ = {isa = PBXFileReference; fileEncoding = 4; lastKnownFileType = sourcecode.swift; path = InAppBrowserLink.swift; sourceTree = "<group>"; };
		D5DED4B92B59290800AADEB3 /* InAppBrowserLinkView.swift */ = {isa = PBXFileReference; lastKnownFileType = sourcecode.swift; path = InAppBrowserLinkView.swift; sourceTree = "<group>"; };
		D5DED4BB2B592FD300AADEB3 /* GridStack.swift */ = {isa = PBXFileReference; lastKnownFileType = sourcecode.swift; path = GridStack.swift; sourceTree = "<group>"; };
		D5DED4BD2B59319800AADEB3 /* GridStackView.swift */ = {isa = PBXFileReference; lastKnownFileType = sourcecode.swift; path = GridStackView.swift; sourceTree = "<group>"; };
		D5DED4C12B596CED00AADEB3 /* QRCodeScanner.swift */ = {isa = PBXFileReference; lastKnownFileType = sourcecode.swift; path = QRCodeScanner.swift; sourceTree = "<group>"; };
		D5DED4C32B596D2A00AADEB3 /* QRCodeScannerView.swift */ = {isa = PBXFileReference; lastKnownFileType = sourcecode.swift; path = QRCodeScannerView.swift; sourceTree = "<group>"; };
/* End PBXFileReference section */

/* Begin PBXFrameworksBuildPhase section */
		D53678362A07C75C0006FAF0 /* Frameworks */ = {
			isa = PBXFrameworksBuildPhase;
			buildActionMask = 2147483647;
			files = (
			);
			runOnlyForDeploymentPostprocessing = 0;
		};
/* End PBXFrameworksBuildPhase section */

/* Begin PBXGroup section */
		D53678302A07C75C0006FAF0 = {
			isa = PBXGroup;
			children = (
				D536786B2A07D2000006FAF0 /* README.md */,
				D5DED4B32B59280B00AADEB3 /* Components */,
				D536784A2A07C7C70006FAF0 /* Modifiers */,
				D5DED4B42B59281A00AADEB3 /* Pickers */,
				D536784D2A07C7C70006FAF0 /* Views */,
				D536783B2A07C75C0006FAF0 /* SampleApp */,
				D536783A2A07C75C0006FAF0 /* Products */,
			);
			indentWidth = 4;
			sourceTree = "<group>";
			tabWidth = 4;
		};
		D536783A2A07C75C0006FAF0 /* Products */ = {
			isa = PBXGroup;
			children = (
				D53678392A07C75C0006FAF0 /* SwiftUILibrary.app */,
			);
			name = Products;
			sourceTree = "<group>";
		};
		D536783B2A07C75C0006FAF0 /* SampleApp */ = {
			isa = PBXGroup;
			children = (
				D536783C2A07C75C0006FAF0 /* SwiftUILibraryApp.swift */,
				D536783E2A07C75C0006FAF0 /* ContentView.swift */,
				D562A5CC2A39BD6C009D62C4 /* Demos */,
				D53678402A07C75D0006FAF0 /* Assets.xcassets */,
				D53678422A07C75D0006FAF0 /* Preview Content */,
			);
			path = SampleApp;
			sourceTree = "<group>";
		};
		D53678422A07C75D0006FAF0 /* Preview Content */ = {
			isa = PBXGroup;
			children = (
				D53678432A07C75D0006FAF0 /* Preview Assets.xcassets */,
			);
			path = "Preview Content";
			sourceTree = "<group>";
		};
		D536784A2A07C7C70006FAF0 /* Modifiers */ = {
			isa = PBXGroup;
			children = (
				D562A5C82A39BD59009D62C4 /* DeviceShake.swift */,
				D536784B2A07C7C70006FAF0 /* ReadableContentWidth.swift */,
				D536784C2A07C7C70006FAF0 /* RoundedRectangleCorners.swift */,
				D5A448852A1E32600059C4A3 /* ErrorAlert.swift */,
				D5435C702A54552C0061A2BC /* ScreenBrightness.swift */,
			);
			path = Modifiers;
			sourceTree = "<group>";
		};
		D536784D2A07C7C70006FAF0 /* Views */ = {
			isa = PBXGroup;
			children = (
				D578FE312A3AF24000CC6E6B /* ImageViewer.swift */,
				D536785C2A07C8C10006FAF0 /* Sheets */,
				D5435C6C2A544BCA0061A2BC /* QRCodeImage.swift */,
				D5DED4C12B596CED00AADEB3 /* QRCodeScanner.swift */,
			);
			path = Views;
			sourceTree = "<group>";
		};
		D536785C2A07C8C10006FAF0 /* Sheets */ = {
			isa = PBXGroup;
			children = (
				D53678532A07C8B50006FAF0 /* ImageCropView.swift */,
				D53678542A07C8B50006FAF0 /* SafariView.swift */,
				D5A448892A1E359E0059C4A3 /* CameraView.swift */,
				D5C76ACE2A61AEBA00B7469C /* MailComposeView.swift */,
			);
			path = Sheets;
			sourceTree = "<group>";
		};
		D562A5CC2A39BD6C009D62C4 /* Demos */ = {
			isa = PBXGroup;
			children = (
				D578FE332A3AF24500CC6E6B /* ImageViewerView.swift */,
				D536785F2A07CCA30006FAF0 /* RoundedRectangleCornersView.swift */,
				D536785D2A07CC440006FAF0 /* ReadableContentWidthView.swift */,
				D536786C2A07D4BD0006FAF0 /* PhotoPickerView.swift */,
				D53678722A07D4F10006FAF0 /* SafariSheetView.swift */,
				D536786E2A07D4CE0006FAF0 /* DocumentPickerView.swift */,
				D53678702A07D4D30006FAF0 /* ShareLinkView.swift */,
				D562A5CA2A39BD62009D62C4 /* DeviceShakeView.swift */,
				D562A5D12A39C172009D62C4 /* CameraDemoView.swift */,
				D5435C6E2A544CC40061A2BC /* QRCodeView.swift */,
				D5C76AD02A61AEF500B7469C /* MailDemoView.swift */,
				D5DED4B92B59290800AADEB3 /* InAppBrowserLinkView.swift */,
				D5DED4BD2B59319800AADEB3 /* GridStackView.swift */,
				D5DED4C32B596D2A00AADEB3 /* QRCodeScannerView.swift */,
			);
			path = Demos;
			sourceTree = "<group>";
		};
		D5DED4B32B59280B00AADEB3 /* Components */ = {
			isa = PBXGroup;
			children = (
				D53678552A07C8B50006FAF0 /* LegacyShareLink.swift */,
				D5DED4B72B5928B700AADEB3 /* InAppBrowserLink.swift */,
				D5DED4BB2B592FD300AADEB3 /* GridStack.swift */,
			);
			path = Components;
			sourceTree = "<group>";
		};
		D5DED4B42B59281A00AADEB3 /* Pickers */ = {
			isa = PBXGroup;
			children = (
				D53678522A07C8B50006FAF0 /* DocumentPicker.swift */,
				D53678512A07C8B50006FAF0 /* PhotoPicker.swift */,
			);
			path = Pickers;
			sourceTree = "<group>";
		};
/* End PBXGroup section */

/* Begin PBXNativeTarget section */
		D53678382A07C75C0006FAF0 /* SwiftUILibrary */ = {
			isa = PBXNativeTarget;
			buildConfigurationList = D53678472A07C75D0006FAF0 /* Build configuration list for PBXNativeTarget "SwiftUILibrary" */;
			buildPhases = (
				D53678352A07C75C0006FAF0 /* Sources */,
				D53678362A07C75C0006FAF0 /* Frameworks */,
				D53678372A07C75C0006FAF0 /* Resources */,
			);
			buildRules = (
			);
			dependencies = (
			);
			name = SwiftUILibrary;
			productName = SwiftUILibrary;
			productReference = D53678392A07C75C0006FAF0 /* SwiftUILibrary.app */;
			productType = "com.apple.product-type.application";
		};
/* End PBXNativeTarget section */

/* Begin PBXProject section */
		D53678312A07C75C0006FAF0 /* Project object */ = {
			isa = PBXProject;
			attributes = {
				BuildIndependentTargetsInParallel = 1;
				LastSwiftUpdateCheck = 1430;
				LastUpgradeCheck = 1500;
				TargetAttributes = {
					D53678382A07C75C0006FAF0 = {
						CreatedOnToolsVersion = 14.3;
					};
				};
			};
			buildConfigurationList = D53678342A07C75C0006FAF0 /* Build configuration list for PBXProject "SwiftUILibrary" */;
			compatibilityVersion = "Xcode 15.0";
			developmentRegion = en;
			hasScannedForEncodings = 0;
			knownRegions = (
				en,
				Base,
			);
			mainGroup = D53678302A07C75C0006FAF0;
			productRefGroup = D536783A2A07C75C0006FAF0 /* Products */;
			projectDirPath = "";
			projectRoot = "";
			targets = (
				D53678382A07C75C0006FAF0 /* SwiftUILibrary */,
			);
		};
/* End PBXProject section */

/* Begin PBXResourcesBuildPhase section */
		D53678372A07C75C0006FAF0 /* Resources */ = {
			isa = PBXResourcesBuildPhase;
			buildActionMask = 2147483647;
			files = (
				D53678442A07C75D0006FAF0 /* Preview Assets.xcassets in Resources */,
				D53678412A07C75D0006FAF0 /* Assets.xcassets in Resources */,
			);
			runOnlyForDeploymentPostprocessing = 0;
		};
/* End PBXResourcesBuildPhase section */

/* Begin PBXSourcesBuildPhase section */
		D53678352A07C75C0006FAF0 /* Sources */ = {
			isa = PBXSourcesBuildPhase;
			buildActionMask = 2147483647;
			files = (
				D562A5D22A39C172009D62C4 /* CameraDemoView.swift in Sources */,
				D562A5C92A39BD59009D62C4 /* DeviceShake.swift in Sources */,
				D536784E2A07C7C70006FAF0 /* ReadableContentWidth.swift in Sources */,
				D5435C712A54552C0061A2BC /* ScreenBrightness.swift in Sources */,
				D53678602A07CCA30006FAF0 /* RoundedRectangleCornersView.swift in Sources */,
				D5435C6D2A544BCA0061A2BC /* QRCodeImage.swift in Sources */,
				D536785B2A07C8B50006FAF0 /* LegacyShareLink.swift in Sources */,
				D536785A2A07C8B50006FAF0 /* SafariView.swift in Sources */,
				D578FE342A3AF24500CC6E6B /* ImageViewerView.swift in Sources */,
				D578FE322A3AF24000CC6E6B /* ImageViewer.swift in Sources */,
				D536783F2A07C75C0006FAF0 /* ContentView.swift in Sources */,
				D53678572A07C8B50006FAF0 /* PhotoPicker.swift in Sources */,
				D53678712A07D4D30006FAF0 /* ShareLinkView.swift in Sources */,
				D536786F2A07D4CE0006FAF0 /* DocumentPickerView.swift in Sources */,
				D53678592A07C8B50006FAF0 /* ImageCropView.swift in Sources */,
				D536786D2A07D4BD0006FAF0 /* PhotoPickerView.swift in Sources */,
				D536784F2A07C7C70006FAF0 /* RoundedRectangleCorners.swift in Sources */,
				D5435C6F2A544CC40061A2BC /* QRCodeView.swift in Sources */,
				D53678732A07D4F10006FAF0 /* SafariSheetView.swift in Sources */,
				D5A4488A2A1E359E0059C4A3 /* CameraView.swift in Sources */,
				D5DED4BC2B592FD300AADEB3 /* GridStack.swift in Sources */,
				D5DED4BE2B59319800AADEB3 /* GridStackView.swift in Sources */,
				D5DED4C22B596CED00AADEB3 /* QRCodeScanner.swift in Sources */,
				D5C76ACF2A61AEBA00B7469C /* MailComposeView.swift in Sources */,
				D5C76AD12A61AEF500B7469C /* MailDemoView.swift in Sources */,
				D53678582A07C8B50006FAF0 /* DocumentPicker.swift in Sources */,
				D5DED4C42B596D2A00AADEB3 /* QRCodeScannerView.swift in Sources */,
				D5DED4B82B5928B700AADEB3 /* InAppBrowserLink.swift in Sources */,
				D5A448862A1E32600059C4A3 /* ErrorAlert.swift in Sources */,
				D536783D2A07C75C0006FAF0 /* SwiftUILibraryApp.swift in Sources */,
				D562A5CB2A39BD62009D62C4 /* DeviceShakeView.swift in Sources */,
				D536785E2A07CC440006FAF0 /* ReadableContentWidthView.swift in Sources */,
				D5DED4BA2B59290800AADEB3 /* InAppBrowserLinkView.swift in Sources */,
			);
			runOnlyForDeploymentPostprocessing = 0;
		};
/* End PBXSourcesBuildPhase section */

/* Begin XCBuildConfiguration section */
		D53678452A07C75D0006FAF0 /* Debug */ = {
			isa = XCBuildConfiguration;
			buildSettings = {
				ALWAYS_SEARCH_USER_PATHS = NO;
				ASSETCATALOG_COMPILER_GENERATE_SWIFT_ASSET_SYMBOL_EXTENSIONS = YES;
				CLANG_ANALYZER_NONNULL = YES;
				CLANG_ANALYZER_NUMBER_OBJECT_CONVERSION = YES_AGGRESSIVE;
				CLANG_CXX_LANGUAGE_STANDARD = "gnu++20";
				CLANG_ENABLE_MODULES = YES;
				CLANG_ENABLE_OBJC_ARC = YES;
				CLANG_ENABLE_OBJC_WEAK = YES;
				CLANG_WARN_BLOCK_CAPTURE_AUTORELEASING = YES;
				CLANG_WARN_BOOL_CONVERSION = YES;
				CLANG_WARN_COMMA = YES;
				CLANG_WARN_CONSTANT_CONVERSION = YES;
				CLANG_WARN_DEPRECATED_OBJC_IMPLEMENTATIONS = YES;
				CLANG_WARN_DIRECT_OBJC_ISA_USAGE = YES_ERROR;
				CLANG_WARN_DOCUMENTATION_COMMENTS = YES;
				CLANG_WARN_EMPTY_BODY = YES;
				CLANG_WARN_ENUM_CONVERSION = YES;
				CLANG_WARN_INFINITE_RECURSION = YES;
				CLANG_WARN_INT_CONVERSION = YES;
				CLANG_WARN_NON_LITERAL_NULL_CONVERSION = YES;
				CLANG_WARN_OBJC_IMPLICIT_RETAIN_SELF = YES;
				CLANG_WARN_OBJC_LITERAL_CONVERSION = YES;
				CLANG_WARN_OBJC_ROOT_CLASS = YES_ERROR;
				CLANG_WARN_QUOTED_INCLUDE_IN_FRAMEWORK_HEADER = YES;
				CLANG_WARN_RANGE_LOOP_ANALYSIS = YES;
				CLANG_WARN_STRICT_PROTOTYPES = YES;
				CLANG_WARN_SUSPICIOUS_MOVE = YES;
				CLANG_WARN_UNGUARDED_AVAILABILITY = YES_AGGRESSIVE;
				CLANG_WARN_UNREACHABLE_CODE = YES;
				CLANG_WARN__DUPLICATE_METHOD_MATCH = YES;
				COPY_PHASE_STRIP = NO;
				DEBUG_INFORMATION_FORMAT = dwarf;
				ENABLE_STRICT_OBJC_MSGSEND = YES;
				ENABLE_TESTABILITY = YES;
				ENABLE_USER_SCRIPT_SANDBOXING = YES;
				GCC_C_LANGUAGE_STANDARD = gnu11;
				GCC_DYNAMIC_NO_PIC = NO;
				GCC_NO_COMMON_BLOCKS = YES;
				GCC_OPTIMIZATION_LEVEL = 0;
				GCC_PREPROCESSOR_DEFINITIONS = (
					"DEBUG=1",
					"$(inherited)",
				);
				GCC_WARN_64_TO_32_BIT_CONVERSION = YES;
				GCC_WARN_ABOUT_RETURN_TYPE = YES_ERROR;
				GCC_WARN_UNDECLARED_SELECTOR = YES;
				GCC_WARN_UNINITIALIZED_AUTOS = YES_AGGRESSIVE;
				GCC_WARN_UNUSED_FUNCTION = YES;
				GCC_WARN_UNUSED_VARIABLE = YES;
				IPHONEOS_DEPLOYMENT_TARGET = 14.0;
				MTL_ENABLE_DEBUG_INFO = INCLUDE_SOURCE;
				MTL_FAST_MATH = YES;
				ONLY_ACTIVE_ARCH = YES;
				SDKROOT = iphoneos;
				SWIFT_ACTIVE_COMPILATION_CONDITIONS = DEBUG;
				SWIFT_OPTIMIZATION_LEVEL = "-Onone";
			};
			name = Debug;
		};
		D53678462A07C75D0006FAF0 /* Release */ = {
			isa = XCBuildConfiguration;
			buildSettings = {
				ALWAYS_SEARCH_USER_PATHS = NO;
				ASSETCATALOG_COMPILER_GENERATE_SWIFT_ASSET_SYMBOL_EXTENSIONS = YES;
				CLANG_ANALYZER_NONNULL = YES;
				CLANG_ANALYZER_NUMBER_OBJECT_CONVERSION = YES_AGGRESSIVE;
				CLANG_CXX_LANGUAGE_STANDARD = "gnu++20";
				CLANG_ENABLE_MODULES = YES;
				CLANG_ENABLE_OBJC_ARC = YES;
				CLANG_ENABLE_OBJC_WEAK = YES;
				CLANG_WARN_BLOCK_CAPTURE_AUTORELEASING = YES;
				CLANG_WARN_BOOL_CONVERSION = YES;
				CLANG_WARN_COMMA = YES;
				CLANG_WARN_CONSTANT_CONVERSION = YES;
				CLANG_WARN_DEPRECATED_OBJC_IMPLEMENTATIONS = YES;
				CLANG_WARN_DIRECT_OBJC_ISA_USAGE = YES_ERROR;
				CLANG_WARN_DOCUMENTATION_COMMENTS = YES;
				CLANG_WARN_EMPTY_BODY = YES;
				CLANG_WARN_ENUM_CONVERSION = YES;
				CLANG_WARN_INFINITE_RECURSION = YES;
				CLANG_WARN_INT_CONVERSION = YES;
				CLANG_WARN_NON_LITERAL_NULL_CONVERSION = YES;
				CLANG_WARN_OBJC_IMPLICIT_RETAIN_SELF = YES;
				CLANG_WARN_OBJC_LITERAL_CONVERSION = YES;
				CLANG_WARN_OBJC_ROOT_CLASS = YES_ERROR;
				CLANG_WARN_QUOTED_INCLUDE_IN_FRAMEWORK_HEADER = YES;
				CLANG_WARN_RANGE_LOOP_ANALYSIS = YES;
				CLANG_WARN_STRICT_PROTOTYPES = YES;
				CLANG_WARN_SUSPICIOUS_MOVE = YES;
				CLANG_WARN_UNGUARDED_AVAILABILITY = YES_AGGRESSIVE;
				CLANG_WARN_UNREACHABLE_CODE = YES;
				CLANG_WARN__DUPLICATE_METHOD_MATCH = YES;
				COPY_PHASE_STRIP = NO;
				DEBUG_INFORMATION_FORMAT = "dwarf-with-dsym";
				ENABLE_NS_ASSERTIONS = NO;
				ENABLE_STRICT_OBJC_MSGSEND = YES;
				ENABLE_USER_SCRIPT_SANDBOXING = YES;
				GCC_C_LANGUAGE_STANDARD = gnu11;
				GCC_NO_COMMON_BLOCKS = YES;
				GCC_WARN_64_TO_32_BIT_CONVERSION = YES;
				GCC_WARN_ABOUT_RETURN_TYPE = YES_ERROR;
				GCC_WARN_UNDECLARED_SELECTOR = YES;
				GCC_WARN_UNINITIALIZED_AUTOS = YES_AGGRESSIVE;
				GCC_WARN_UNUSED_FUNCTION = YES;
				GCC_WARN_UNUSED_VARIABLE = YES;
				IPHONEOS_DEPLOYMENT_TARGET = 14.0;
				MTL_ENABLE_DEBUG_INFO = NO;
				MTL_FAST_MATH = YES;
				SDKROOT = iphoneos;
				SWIFT_COMPILATION_MODE = wholemodule;
				SWIFT_OPTIMIZATION_LEVEL = "-O";
				VALIDATE_PRODUCT = YES;
			};
			name = Release;
		};
		D53678482A07C75D0006FAF0 /* Debug */ = {
			isa = XCBuildConfiguration;
			buildSettings = {
				ASSETCATALOG_COMPILER_APPICON_NAME = AppIcon;
				ASSETCATALOG_COMPILER_GLOBAL_ACCENT_COLOR_NAME = AccentColor;
				CODE_SIGN_STYLE = Automatic;
				CURRENT_PROJECT_VERSION = 1;
				DEVELOPMENT_ASSET_PATHS = "\"SampleApp/Preview Content\"";
				DEVELOPMENT_TEAM = 3W68UU92K3;
				ENABLE_PREVIEWS = YES;
				GENERATE_INFOPLIST_FILE = YES;
				INFOPLIST_KEY_NSCameraUsageDescription = "To scan a QR code";
				INFOPLIST_KEY_UIApplicationSceneManifest_Generation = YES;
				INFOPLIST_KEY_UIApplicationSupportsIndirectInputEvents = YES;
				INFOPLIST_KEY_UILaunchScreen_Generation = YES;
				INFOPLIST_KEY_UISupportedInterfaceOrientations_iPad = "UIInterfaceOrientationPortrait UIInterfaceOrientationPortraitUpsideDown UIInterfaceOrientationLandscapeLeft UIInterfaceOrientationLandscapeRight";
				INFOPLIST_KEY_UISupportedInterfaceOrientations_iPhone = "UIInterfaceOrientationPortrait UIInterfaceOrientationLandscapeLeft UIInterfaceOrientationLandscapeRight";
				LD_RUNPATH_SEARCH_PATHS = (
					"$(inherited)",
					"@executable_path/Frameworks",
				);
				MARKETING_VERSION = 1.0;
				PRODUCT_BUNDLE_IDENTIFIER = nl.bernson.SwiftUILibrary;
				PRODUCT_NAME = "$(TARGET_NAME)";
				SWIFT_EMIT_LOC_STRINGS = YES;
				SWIFT_VERSION = 5.0;
				TARGETED_DEVICE_FAMILY = "1,2";
			};
			name = Debug;
		};
		D53678492A07C75D0006FAF0 /* Release */ = {
			isa = XCBuildConfiguration;
			buildSettings = {
				ASSETCATALOG_COMPILER_APPICON_NAME = AppIcon;
				ASSETCATALOG_COMPILER_GLOBAL_ACCENT_COLOR_NAME = AccentColor;
				CODE_SIGN_STYLE = Automatic;
				CURRENT_PROJECT_VERSION = 1;
				DEVELOPMENT_ASSET_PATHS = "\"SampleApp/Preview Content\"";
				DEVELOPMENT_TEAM = 3W68UU92K3;
				ENABLE_PREVIEWS = YES;
				GENERATE_INFOPLIST_FILE = YES;
				INFOPLIST_KEY_NSCameraUsageDescription = "To scan a QR code";
				INFOPLIST_KEY_UIApplicationSceneManifest_Generation = YES;
				INFOPLIST_KEY_UIApplicationSupportsIndirectInputEvents = YES;
				INFOPLIST_KEY_UILaunchScreen_Generation = YES;
				INFOPLIST_KEY_UISupportedInterfaceOrientations_iPad = "UIInterfaceOrientationPortrait UIInterfaceOrientationPortraitUpsideDown UIInterfaceOrientationLandscapeLeft UIInterfaceOrientationLandscapeRight";
				INFOPLIST_KEY_UISupportedInterfaceOrientations_iPhone = "UIInterfaceOrientationPortrait UIInterfaceOrientationLandscapeLeft UIInterfaceOrientationLandscapeRight";
				LD_RUNPATH_SEARCH_PATHS = (
					"$(inherited)",
					"@executable_path/Frameworks",
				);
				MARKETING_VERSION = 1.0;
				PRODUCT_BUNDLE_IDENTIFIER = nl.bernson.SwiftUILibrary;
				PRODUCT_NAME = "$(TARGET_NAME)";
				SWIFT_EMIT_LOC_STRINGS = YES;
				SWIFT_VERSION = 5.0;
				TARGETED_DEVICE_FAMILY = "1,2";
			};
			name = Release;
		};
/* End XCBuildConfiguration section */

/* Begin XCConfigurationList section */
		D53678342A07C75C0006FAF0 /* Build configuration list for PBXProject "SwiftUILibrary" */ = {
			isa = XCConfigurationList;
			buildConfigurations = (
				D53678452A07C75D0006FAF0 /* Debug */,
				D53678462A07C75D0006FAF0 /* Release */,
			);
			defaultConfigurationIsVisible = 0;
			defaultConfigurationName = Release;
		};
		D53678472A07C75D0006FAF0 /* Build configuration list for PBXNativeTarget "SwiftUILibrary" */ = {
			isa = XCConfigurationList;
			buildConfigurations = (
				D53678482A07C75D0006FAF0 /* Debug */,
				D53678492A07C75D0006FAF0 /* Release */,
			);
			defaultConfigurationIsVisible = 0;
			defaultConfigurationName = Release;
		};
/* End XCConfigurationList section */
	};
	rootObject = D53678312A07C75C0006FAF0 /* Project object */;
}
